// !$*UTF8*$!
{
	archiveVersion = 1;
	classes = {
	};
	objectVersion = 46;
	objects = {

/* Begin PBXBuildFile section */
		5C93BE4B19F6A6C1008F0B47 /* AppDelegate.swift in Sources */ = {isa = PBXBuildFile; fileRef = 5C93BE4A19F6A6C1008F0B47 /* AppDelegate.swift */; };
		5C93BE4D19F6A6C1008F0B47 /* ViewController.swift in Sources */ = {isa = PBXBuildFile; fileRef = 5C93BE4C19F6A6C1008F0B47 /* ViewController.swift */; };
		5C93BE5019F6A6C1008F0B47 /* Main.storyboard in Resources */ = {isa = PBXBuildFile; fileRef = 5C93BE4E19F6A6C1008F0B47 /* Main.storyboard */; };
		5C93BE5219F6A6C1008F0B47 /* Images.xcassets in Resources */ = {isa = PBXBuildFile; fileRef = 5C93BE5119F6A6C1008F0B47 /* Images.xcassets */; };
		5C93BE5519F6A6C1008F0B47 /* LaunchScreen.xib in Resources */ = {isa = PBXBuildFile; fileRef = 5C93BE5319F6A6C1008F0B47 /* LaunchScreen.xib */; };
		5C93BE6119F6A6C1008F0B47 /* JiayingNewsTests.swift in Sources */ = {isa = PBXBuildFile; fileRef = 5C93BE6019F6A6C1008F0B47 /* JiayingNewsTests.swift */; };
/* End PBXBuildFile section */

/* Begin PBXContainerItemProxy section */
		5C93BE5B19F6A6C1008F0B47 /* PBXContainerItemProxy */ = {
			isa = PBXContainerItemProxy;
			containerPortal = 5C93BE3D19F6A6C0008F0B47 /* Project object */;
			proxyType = 1;
			remoteGlobalIDString = 5C93BE4419F6A6C0008F0B47;
			remoteInfo = JiayingNews;
		};
/* End PBXContainerItemProxy section */

/* Begin PBXFileReference section */
		5C93BE4519F6A6C0008F0B47 /* JiayingNews.app */ = {isa = PBXFileReference; explicitFileType = wrapper.application; includeInIndex = 0; path = JiayingNews.app; sourceTree = BUILT_PRODUCTS_DIR; };
		5C93BE4919F6A6C1008F0B47 /* Info.plist */ = {isa = PBXFileReference; lastKnownFileType = text.plist.xml; path = Info.plist; sourceTree = "<group>"; };
		5C93BE4A19F6A6C1008F0B47 /* AppDelegate.swift */ = {isa = PBXFileReference; lastKnownFileType = sourcecode.swift; path = AppDelegate.swift; sourceTree = "<group>"; };
		5C93BE4C19F6A6C1008F0B47 /* ViewController.swift */ = {isa = PBXFileReference; lastKnownFileType = sourcecode.swift; path = ViewController.swift; sourceTree = "<group>"; };
		5C93BE4F19F6A6C1008F0B47 /* Base */ = {isa = PBXFileReference; lastKnownFileType = file.storyboard; name = Base; path = Base.lproj/Main.storyboard; sourceTree = "<group>"; };
		5C93BE5119F6A6C1008F0B47 /* Images.xcassets */ = {isa = PBXFileReference; lastKnownFileType = folder.assetcatalog; path = Images.xcassets; sourceTree = "<group>"; };
		5C93BE5419F6A6C1008F0B47 /* Base */ = {isa = PBXFileReference; lastKnownFileType = file.xib; name = Base; path = Base.lproj/LaunchScreen.xib; sourceTree = "<group>"; };
		5C93BE5A19F6A6C1008F0B47 /* JiayingNewsTests.xctest */ = {isa = PBXFileReference; explicitFileType = wrapper.cfbundle; includeInIndex = 0; path = JiayingNewsTests.xctest; sourceTree = BUILT_PRODUCTS_DIR; };
		5C93BE5F19F6A6C1008F0B47 /* Info.plist */ = {isa = PBXFileReference; lastKnownFileType = text.plist.xml; path = Info.plist; sourceTree = "<group>"; };
		5C93BE6019F6A6C1008F0B47 /* JiayingNewsTests.swift */ = {isa = PBXFileReference; lastKnownFileType = sourcecode.swift; path = JiayingNewsTests.swift; sourceTree = "<group>"; };
/* End PBXFileReference section */

/* Begin PBXFrameworksBuildPhase section */
		5C93BE4219F6A6C0008F0B47 /* Frameworks */ = {
			isa = PBXFrameworksBuildPhase;
			buildActionMask = 2147483647;
			files = (
			);
			runOnlyForDeploymentPostprocessing = 0;
		};
		5C93BE5719F6A6C1008F0B47 /* Frameworks */ = {
			isa = PBXFrameworksBuildPhase;
			buildActionMask = 2147483647;
			files = (
			);
			runOnlyForDeploymentPostprocessing = 0;
		};
/* End PBXFrameworksBuildPhase section */

/* Begin PBXGroup section */
		5C93BE3C19F6A6C0008F0B47 = {
			isa = PBXGroup;
			children = (
				5C93BE4719F6A6C0008F0B47 /* JiayingNews */,
				5C93BE5D19F6A6C1008F0B47 /* JiayingNewsTests */,
				5C93BE4619F6A6C0008F0B47 /* Products */,
			);
			sourceTree = "<group>";
		};
		5C93BE4619F6A6C0008F0B47 /* Products */ = {
			isa = PBXGroup;
			children = (
				5C93BE4519F6A6C0008F0B47 /* JiayingNews.app */,
				5C93BE5A19F6A6C1008F0B47 /* JiayingNewsTests.xctest */,
			);
			name = Products;
			sourceTree = "<group>";
		};
		5C93BE4719F6A6C0008F0B47 /* JiayingNews */ = {
			isa = PBXGroup;
			children = (
				5C93BE4A19F6A6C1008F0B47 /* AppDelegate.swift */,
				5C93BE4C19F6A6C1008F0B47 /* ViewController.swift */,
				5C93BE4E19F6A6C1008F0B47 /* Main.storyboard */,
				5C93BE5119F6A6C1008F0B47 /* Images.xcassets */,
				5C93BE5319F6A6C1008F0B47 /* LaunchScreen.xib */,
				5C93BE4819F6A6C1008F0B47 /* Supporting Files */,
			);
			path = JiayingNews;
			sourceTree = "<group>";
		};
		5C93BE4819F6A6C1008F0B47 /* Supporting Files */ = {
			isa = PBXGroup;
			children = (
				5C93BE4919F6A6C1008F0B47 /* Info.plist */,
			);
			name = "Supporting Files";
			sourceTree = "<group>";
		};
		5C93BE5D19F6A6C1008F0B47 /* JiayingNewsTests */ = {
			isa = PBXGroup;
			children = (
				5C93BE6019F6A6C1008F0B47 /* JiayingNewsTests.swift */,
				5C93BE5E19F6A6C1008F0B47 /* Supporting Files */,
			);
			path = JiayingNewsTests;
			sourceTree = "<group>";
		};
		5C93BE5E19F6A6C1008F0B47 /* Supporting Files */ = {
			isa = PBXGroup;
			children = (
				5C93BE5F19F6A6C1008F0B47 /* Info.plist */,
			);
			name = "Supporting Files";
			sourceTree = "<group>";
		};
/* End PBXGroup section */

/* Begin PBXNativeTarget section */
		5C93BE4419F6A6C0008F0B47 /* JiayingNews */ = {
			isa = PBXNativeTarget;
			buildConfigurationList = 5C93BE6419F6A6C1008F0B47 /* Build configuration list for PBXNativeTarget "JiayingNews" */;
			buildPhases = (
				5C93BE4119F6A6C0008F0B47 /* Sources */,
				5C93BE4219F6A6C0008F0B47 /* Frameworks */,
				5C93BE4319F6A6C0008F0B47 /* Resources */,
			);
			buildRules = (
			);
			dependencies = (
			);
			name = JiayingNews;
			productName = JiayingNews;
			productReference = 5C93BE4519F6A6C0008F0B47 /* JiayingNews.app */;
			productType = "com.apple.product-type.application";
		};
		5C93BE5919F6A6C1008F0B47 /* JiayingNewsTests */ = {
			isa = PBXNativeTarget;
			buildConfigurationList = 5C93BE6719F6A6C1008F0B47 /* Build configuration list for PBXNativeTarget "JiayingNewsTests" */;
			buildPhases = (
				5C93BE5619F6A6C1008F0B47 /* Sources */,
				5C93BE5719F6A6C1008F0B47 /* Frameworks */,
				5C93BE5819F6A6C1008F0B47 /* Resources */,
			);
			buildRules = (
			);
			dependencies = (
				5C93BE5C19F6A6C1008F0B47 /* PBXTargetDependency */,
			);
			name = JiayingNewsTests;
			productName = JiayingNewsTests;
			productReference = 5C93BE5A19F6A6C1008F0B47 /* JiayingNewsTests.xctest */;
			productType = "com.apple.product-type.bundle.unit-test";
		};
/* End PBXNativeTarget section */

/* Begin PBXProject section */
		5C93BE3D19F6A6C0008F0B47 /* Project object */ = {
			isa = PBXProject;
			attributes = {
				LastUpgradeCheck = 0610;
				ORGANIZATIONNAME = luke;
				TargetAttributes = {
					5C93BE4419F6A6C0008F0B47 = {
						CreatedOnToolsVersion = 6.1;
					};
					5C93BE5919F6A6C1008F0B47 = {
						CreatedOnToolsVersion = 6.1;
						TestTargetID = 5C93BE4419F6A6C0008F0B47;
					};
				};
			};
			buildConfigurationList = 5C93BE4019F6A6C0008F0B47 /* Build configuration list for PBXProject "JiayingNews" */;
			compatibilityVersion = "Xcode 3.2";
			developmentRegion = English;
			hasScannedForEncodings = 0;
			knownRegions = (
				en,
				Base,
			);
			mainGroup = 5C93BE3C19F6A6C0008F0B47;
			productRefGroup = 5C93BE4619F6A6C0008F0B47 /* Products */;
			projectDirPath = "";
			projectRoot = "";
			targets = (
				5C93BE4419F6A6C0008F0B47 /* JiayingNews */,
				5C93BE5919F6A6C1008F0B47 /* JiayingNewsTests */,
			);
		};
/* End PBXProject section */

/* Begin PBXResourcesBuildPhase section */
		5C93BE4319F6A6C0008F0B47 /* Resources */ = {
			isa = PBXResourcesBuildPhase;
			buildActionMask = 2147483647;
			files = (
				5C93BE5019F6A6C1008F0B47 /* Main.storyboard in Resources */,
				5C93BE5519F6A6C1008F0B47 /* LaunchScreen.xib in Resources */,
				5C93BE5219F6A6C1008F0B47 /* Images.xcassets in Resources */,
			);
			runOnlyForDeploymentPostprocessing = 0;
		};
		5C93BE5819F6A6C1008F0B47 /* Resources */ = {
			isa = PBXResourcesBuildPhase;
			buildActionMask = 2147483647;
			files = (
			);
			runOnlyForDeploymentPostprocessing = 0;
		};
/* End PBXResourcesBuildPhase section */

/* Begin PBXSourcesBuildPhase section */
		5C93BE4119F6A6C0008F0B47 /* Sources */ = {
			isa = PBXSourcesBuildPhase;
			buildActionMask = 2147483647;
			files = (
				5C93BE4D19F6A6C1008F0B47 /* ViewController.swift in Sources */,
				5C93BE4B19F6A6C1008F0B47 /* AppDelegate.swift in Sources */,
			);
			runOnlyForDeploymentPostprocessing = 0;
		};
		5C93BE5619F6A6C1008F0B47 /* Sources */ = {
			isa = PBXSourcesBuildPhase;
			buildActionMask = 2147483647;
			files = (
				5C93BE6119F6A6C1008F0B47 /* JiayingNewsTests.swift in Sources */,
			);
			runOnlyForDeploymentPostprocessing = 0;
		};
/* End PBXSourcesBuildPhase section */

/* Begin PBXTargetDependency section */
		5C93BE5C19F6A6C1008F0B47 /* PBXTargetDependency */ = {
			isa = PBXTargetDependency;
			target = 5C93BE4419F6A6C0008F0B47 /* JiayingNews */;
			targetProxy = 5C93BE5B19F6A6C1008F0B47 /* PBXContainerItemProxy */;
		};
/* End PBXTargetDependency section */

/* Begin PBXVariantGroup section */
		5C93BE4E19F6A6C1008F0B47 /* Main.storyboard */ = {
			isa = PBXVariantGroup;
			children = (
				5C93BE4F19F6A6C1008F0B47 /* Base */,
			);
			name = Main.storyboard;
			sourceTree = "<group>";
		};
		5C93BE5319F6A6C1008F0B47 /* LaunchScreen.xib */ = {
			isa = PBXVariantGroup;
			children = (
				5C93BE5419F6A6C1008F0B47 /* Base */,
			);
			name = LaunchScreen.xib;
			sourceTree = "<group>";
		};
/* End PBXVariantGroup section */

/* Begin XCBuildConfiguration section */
		5C93BE6219F6A6C1008F0B47 /* Debug */ = {
			isa = XCBuildConfiguration;
			buildSettings = {
				ALWAYS_SEARCH_USER_PATHS = NO;
				CLANG_CXX_LANGUAGE_STANDARD = "gnu++0x";
				CLANG_CXX_LIBRARY = "libc++";
				CLANG_ENABLE_MODULES = YES;
				CLANG_ENABLE_OBJC_ARC = YES;
				CLANG_WARN_BOOL_CONVERSION = YES;
				CLANG_WARN_CONSTANT_CONVERSION = YES;
				CLANG_WARN_DIRECT_OBJC_ISA_USAGE = YES_ERROR;
				CLANG_WARN_EMPTY_BODY = YES;
				CLANG_WARN_ENUM_CONVERSION = YES;
				CLANG_WARN_INT_CONVERSION = YES;
				CLANG_WARN_OBJC_ROOT_CLASS = YES_ERROR;
				CLANG_WARN_UNREACHABLE_CODE = YES;
				CLANG_WARN__DUPLICATE_METHOD_MATCH = YES;
				"CODE_SIGN_IDENTITY[sdk=iphoneos*]" = "iPhone Developer";
				COPY_PHASE_STRIP = NO;
				ENABLE_STRICT_OBJC_MSGSEND = YES;
				GCC_C_LANGUAGE_STANDARD = gnu99;
				GCC_DYNAMIC_NO_PIC = NO;
				GCC_OPTIMIZATION_LEVEL = 0;
				GCC_PREPROCESSOR_DEFINITIONS = (
					"DEBUG=1",
					"$(inherited)",
				);
				GCC_SYMBOLS_PRIVATE_EXTERN = NO;
				GCC_WARN_64_TO_32_BIT_CONVERSION = YES;
				GCC_WARN_ABOUT_RETURN_TYPE = YES_ERROR;
				GCC_WARN_UNDECLARED_SELECTOR = YES;
				GCC_WARN_UNINITIALIZED_AUTOS = YES_AGGRESSIVE;
				GCC_WARN_UNUSED_FUNCTION = YES;
				GCC_WARN_UNUSED_VARIABLE = YES;
				IPHONEOS_DEPLOYMENT_TARGET = 8.1;
				MTL_ENABLE_DEBUG_INFO = YES;
				ONLY_ACTIVE_ARCH = YES;
				SDKROOT = iphoneos;
				SWIFT_OPTIMIZATION_LEVEL = "-Onone";
			};
			name = Debug;
		};
		5C93BE6319F6A6C1008F0B47 /* Release */ = {
			isa = XCBuildConfiguration;
			buildSettings = {
				ALWAYS_SEARCH_USER_PATHS = NO;
				CLANG_CXX_LANGUAGE_STANDARD = "gnu++0x";
				CLANG_CXX_LIBRARY = "libc++";
				CLANG_ENABLE_MODULES = YES;
				CLANG_ENABLE_OBJC_ARC = YES;
				CLANG_WARN_BOOL_CONVERSION = YES;
				CLANG_WARN_CONSTANT_CONVERSION = YES;
				CLANG_WARN_DIRECT_OBJC_ISA_USAGE = YES_ERROR;
				CLANG_WARN_EMPTY_BODY = YES;
				CLANG_WARN_ENUM_CONVERSION = YES;
				CLANG_WARN_INT_CONVERSION = YES;
				CLANG_WARN_OBJC_ROOT_CLASS = YES_ERROR;
				CLANG_WARN_UNREACHABLE_CODE = YES;
				CLANG_WARN__DUPLICATE_METHOD_MATCH = YES;
				"CODE_SIGN_IDENTITY[sdk=iphoneos*]" = "iPhone Developer";
				COPY_PHASE_STRIP = YES;
				ENABLE_NS_ASSERTIONS = NO;
				ENABLE_STRICT_OBJC_MSGSEND = YES;
				GCC_C_LANGUAGE_STANDARD = gnu99;
				GCC_WARN_64_TO_32_BIT_CONVERSION = YES;
				GCC_WARN_ABOUT_RETURN_TYPE = YES_ERROR;
				GCC_WARN_UNDECLARED_SELECTOR = YES;
				GCC_WARN_UNINITIALIZED_AUTOS = YES_AGGRESSIVE;
				GCC_WARN_UNUSED_FUNCTION = YES;
				GCC_WARN_UNUSED_VARIABLE = YES;
				IPHONEOS_DEPLOYMENT_TARGET = 8.1;
				MTL_ENABLE_DEBUG_INFO = NO;
				SDKROOT = iphoneos;
				VALIDATE_PRODUCT = YES;
			};
			name = Release;
		};
		5C93BE6519F6A6C1008F0B47 /* Debug */ = {
			isa = XCBuildConfiguration;
			buildSettings = {
				ASSETCATALOG_COMPILER_APPICON_NAME = AppIcon;
				INFOPLIST_FILE = JiayingNews/Info.plist;
				LD_RUNPATH_SEARCH_PATHS = "$(inherited) @executable_path/Frameworks";
				PRODUCT_NAME = "$(TARGET_NAME)";
			};
			name = Debug;
		};
		5C93BE6619F6A6C1008F0B47 /* Release */ = {
			isa = XCBuildConfiguration;
			buildSettings = {
				ASSETCATALOG_COMPILER_APPICON_NAME = AppIcon;
				INFOPLIST_FILE = JiayingNews/Info.plist;
				LD_RUNPATH_SEARCH_PATHS = "$(inherited) @executable_path/Frameworks";
				PRODUCT_NAME = "$(TARGET_NAME)";
			};
			name = Release;
		};
		5C93BE6819F6A6C1008F0B47 /* Debug */ = {
			isa = XCBuildConfiguration;
			buildSettings = {
				BUNDLE_LOADER = "$(TEST_HOST)";
				FRAMEWORK_SEARCH_PATHS = (
					"$(SDKROOT)/Developer/Library/Frameworks",
					"$(inherited)",
				);
				GCC_PREPROCESSOR_DEFINITIONS = (
					"DEBUG=1",
					"$(inherited)",
				);
				INFOPLIST_FILE = JiayingNewsTests/Info.plist;
				LD_RUNPATH_SEARCH_PATHS = "$(inherited) @executable_path/Frameworks @loader_path/Frameworks";
				PRODUCT_NAME = "$(TARGET_NAME)";
				TEST_HOST = "$(BUILT_PRODUCTS_DIR)/JiayingNews.app/JiayingNews";
			};
			name = Debug;
		};
		5C93BE6919F6A6C1008F0B47 /* Release */ = {
			isa = XCBuildConfiguration;
			buildSettings = {
				BUNDLE_LOADER = "$(TEST_HOST)";
				FRAMEWORK_SEARCH_PATHS = (
					"$(SDKROOT)/Developer/Library/Frameworks",
					"$(inherited)",
				);
				INFOPLIST_FILE = JiayingNewsTests/Info.plist;
				LD_RUNPATH_SEARCH_PATHS = "$(inherited) @executable_path/Frameworks @loader_path/Frameworks";
				PRODUCT_NAME = "$(TARGET_NAME)";
				TEST_HOST = "$(BUILT_PRODUCTS_DIR)/JiayingNews.app/JiayingNews";
			};
			name = Release;
		};
/* End XCBuildConfiguration section */

/* Begin XCConfigurationList section */
		5C93BE4019F6A6C0008F0B47 /* Build configuration list for PBXProject "JiayingNews" */ = {
			isa = XCConfigurationList;
			buildConfigurations = (
				5C93BE6219F6A6C1008F0B47 /* Debug */,
				5C93BE6319F6A6C1008F0B47 /* Release */,
			);
			defaultConfigurationIsVisible = 0;
			defaultConfigurationName = Release;
		};
		5C93BE6419F6A6C1008F0B47 /* Build configuration list for PBXNativeTarget "JiayingNews" */ = {
			isa = XCConfigurationList;
			buildConfigurations = (
				5C93BE6519F6A6C1008F0B47 /* Debug */,
				5C93BE6619F6A6C1008F0B47 /* Release */,
			);
			defaultConfigurationIsVisible = 0;
		};
		5C93BE6719F6A6C1008F0B47 /* Build configuration list for PBXNativeTarget "JiayingNewsTests" */ = {
			isa = XCConfigurationList;
			buildConfigurations = (
				5C93BE6819F6A6C1008F0B47 /* Debug */,
				5C93BE6919F6A6C1008F0B47 /* Release */,
			);
			defaultConfigurationIsVisible = 0;
		};
/* End XCConfigurationList section */
	};
	rootObject = 5C93BE3D19F6A6C0008F0B47 /* Project object */;
}
